
Microsoft Visual Studio Solution File, Format Version 12.00
# Visual Studio Version 17
VisualStudioVersion = 17.8.34322.80
MinimumVisualStudioVersion = 10.0.40219.1
Project("{FAE04EC0-301F-11D3-BF4B-00C04F79EFBC}") = "WebHookmessage", "WebHookmessage\WebHookmessage.csproj", "{BBD3E516-8E24-415A-9E20-692083D5D65A}"
EndProject
Global
	GlobalSection(SolutionConfigurationPlatforms) = preSolution
		Debug|Any CPU = Debug|Any CPU
		Release|Any CPU = Release|Any CPU
	EndGlobalSection
	GlobalSection(ProjectConfigurationPlatforms) = postSolution
		{BBD3E516-8E24-415A-9E20-692083D5D65A}.Debug|Any CPU.ActiveCfg = Debug|Any CPU
		{BBD3E516-8E24-415A-9E20-692083D5D65A}.Debug|Any CPU.Build.0 = Debug|Any CPU
		{BBD3E516-8E24-415A-9E20-692083D5D65A}.Release|Any CPU.ActiveCfg = Release|Any CPU
		{BBD3E516-8E24-415A-9E20-692083D5D65A}.Release|Any CPU.Build.0 = Release|Any CPU
	EndGlobalSection
	GlobalSection(SolutionProperties) = preSolution
		HideSolutionNode = FALSE
	EndGlobalSection
	GlobalSection(ExtensibilityGlobals) = postSolution
		SolutionGuid = {64DB751F-7C7A-411F-9F2B-3A3B7F5783C1}
	EndGlobalSection
EndGlobal
